<?xml version="1.0" encoding="utf-8"?>
<Project ToolsVersion="4.0" xmlns="http://schemas.microsoft.com/developer/msbuild/2003">
  <ItemGroup>
    <Filter Include="Source Files">
      <UniqueIdentifier>{4FC737F1-C7A5-4376-A066-2A32D752A2FF}</UniqueIdentifier>
      <Extensions>cpp;c;cc;cxx;c++;def;odl;idl;hpj;bat;asm;asmx</Extensions>
    </Filter>
    <Filter Include="Header Files">
      <UniqueIdentifier>{93995380-89BD-4b04-88EB-625FBE52EBFB}</UniqueIdentifier>
      <Extensions>h;hh;hpp;hxx;h++;hm;inl;inc;ipp;xsd</Extensions>
    </Filter>
    <Filter Include="Resource Files">
      <UniqueIdentifier>{67DA6AB6-F800-4c08-8B7A-83BB121AAD01}</UniqueIdentifier>
      <Extensions>rc;ico;cur;bmp;dlg;rc2;rct;bin;rgs;gif;jpg;jpeg;jpe;resx;tiff;tif;png;wav;mfcribbon-ms</Extensions>
    </Filter>
  </ItemGroup>
  <ItemGroup>
    <ClCompile Include="src\lightning\basic_lightning_diffuse.cpp">
      <Filter>Source Files</Filter>
    </ClCompile>
    <ClCompile Include="src\lightning\basic_lightning_gouraud.cpp">
      <Filter>Source Files</Filter>
    </ClCompile>
    <ClCompile Include="src\lightning\basic_lightning_move.cpp">
      <Filter>Source Files</Filter>
    </ClCompile>
    <ClCompile Include="src\lightning\basic_lightning_specular.cpp">
      <Filter>Source Files</Filter>
    </ClCompile>
    <ClCompile Include="src\lightning\basic_lightning_view_space.cpp">
      <Filter>Source Files</Filter>
    </ClCompile>
    <ClCompile Include="src\lightning\colors.cpp">
      <Filter>Source Files</Filter>
    </ClCompile>
    <ClCompile Include="src\texture\rectangle_texture.cpp">
      <Filter>Source Files</Filter>
    </ClCompile>
    <ClCompile Include="src\texture\smiley_texture.cpp">
      <Filter>Source Files</Filter>
    </ClCompile>
    <ClCompile Include="src\texture\smiley_texture_filtering.cpp">
      <Filter>Source Files</Filter>
    </ClCompile>
    <ClCompile Include="src\texture\smiley_texture_wrapping.cpp">
      <Filter>Source Files</Filter>
    </ClCompile>
    <ClCompile Include="src\transformations\camera_circle.cpp">
      <Filter>Source Files</Filter>
    </ClCompile>
    <ClCompile Include="src\transformations\camera_keyboard_dt.cpp">
      <Filter>Source Files</Filter>
    </ClCompile>
    <ClCompile Include="src\transformations\camera_mouse_class.cpp">
      <Filter>Source Files</Filter>
    </ClCompile>
    <ClCompile Include="src\transformations\camera_mouse_zoom.cpp">
      <Filter>Source Files</Filter>
    </ClCompile>
    <ClCompile Include="src\transformations\coord_system.cpp">
      <Filter>Source Files</Filter>
    </ClCompile>
    <ClCompile Include="src\transformations\coord_system_depth.cpp">
      <Filter>Source Files</Filter>
    </ClCompile>
    <ClCompile Include="src\transformations\coord_system_multiple.cpp">
      <Filter>Source Files</Filter>
    </ClCompile>
    <ClCompile Include="src\transformations\transformations.cpp">
      <Filter>Source Files</Filter>
    </ClCompile>
    <ClCompile Include="src\triangle\attr_support.cpp">
      <Filter>Source Files</Filter>
    </ClCompile>
    <ClCompile Include="src\triangle\rectangle.cpp">
      <Filter>Source Files</Filter>
    </ClCompile>
    <ClCompile Include="src\triangle\triangle.cpp">
      <Filter>Source Files</Filter>
    </ClCompile>
    <ClCompile Include="src\triangle\triangle_uniform_color.cpp">
      <Filter>Source Files</Filter>
    </ClCompile>
    <ClCompile Include="src\triangle\triangle_uniform_position.cpp">
      <Filter>Source Files</Filter>
    </ClCompile>
    <ClCompile Include="src\triangle\triangle_vertex_color.cpp">
      <Filter>Source Files</Filter>
    </ClCompile>
    <ClCompile Include="src\triangle\window.cpp">
      <Filter>Source Files</Filter>
    </ClCompile>
    <ClCompile Include="headers\functions.cpp">
      <Filter>Header Files</Filter>
    </ClCompile>
    <ClCompile Include="headers\glad.c">
      <Filter>Header Files</Filter>
    </ClCompile>
    <ClCompile Include="headers\stb_image.cpp">
      <Filter>Header Files</Filter>
    </ClCompile>
    <ClCompile Include="src\materials\materials.cpp">
      <Filter>Source Files</Filter>
    </ClCompile>
    <ClCompile Include="src\materials\real_material.cpp">
      <Filter>Source Files</Filter>
    </ClCompile>
    <ClCompile Include="src\materials\lighting_maps_diffuse.cpp">
      <Filter>Source Files</Filter>
    </ClCompile>
    <ClCompile Include="src\materials\lighting_maps_specular.cpp">
      <Filter>Source Files</Filter>
    </ClCompile>
    <ClCompile Include="src\materials\lighting_maps_specular_inverse.cpp">
      <Filter>Source Files</Filter>
    </ClCompile>
    <ClCompile Include="src\materials\lighting_maps_emission.cpp">
      <Filter>Source Files</Filter>
    </ClCompile>
    <ClCompile Include="src\light_casters\light_casters_directional.cpp">
      <Filter>Source Files</Filter>
    </ClCompile>
    <ClCompile Include="src\light_casters\light_casters_point.cpp">
      <Filter>Source Files</Filter>
    </ClCompile>
    <ClCompile Include="src\light_casters\light_casters_flashlight.cpp">
      <Filter>Source Files</Filter>
    </ClCompile>
    <ClCompile Include="src\light_casters\light_casters_sport_soft.cpp">
      <Filter>Source Files</Filter>
    </ClCompile>
    <ClCompile Include="src\light_casters\multiple_lights.cpp">
      <Filter>Source Files</Filter>
    </ClCompile>
    <ClCompile Include="src\light_casters\multiple_lights_factory.cpp">
      <Filter>Source Files</Filter>
    </ClCompile>
    <ClCompile Include="src\light_casters\multiple_lights_horror.cpp">
      <Filter>Source Files</Filter>
    </ClCompile>
    <ClCompile Include="src\light_casters\multiple_lights_biolab.cpp">
      <Filter>Source Files</Filter>
    </ClCompile>
    <ClCompile Include="src\light_casters\multiple_lights_desert.cpp">
      <Filter>Source Files</Filter>
    </ClCompile>
  </ItemGroup>
  <ItemGroup>
    <ClInclude Include="headers\camera.h">
      <Filter>Header Files</Filter>
    </ClInclude>
    <ClInclude Include="headers\functions.h">
      <Filter>Header Files</Filter>
    </ClInclude>
    <ClInclude Include="headers\shader.h">
      <Filter>Header Files</Filter>
    </ClInclude>
    <ClInclude Include="headers\stb_image.h">
      <Filter>Header Files</Filter>
    </ClInclude>
  </ItemGroup>
  <ItemGroup>
    <None Include="shaders\basic_lightning_diffuse.fs" />
    <None Include="shaders\basic_lightning_diffuse.vs" />
    <None Include="shaders\basic_lightning_gourand.fs" />
    <None Include="shaders\basic_lightning_gourand.vs" />
    <None Include="shaders\basic_lightning_specular.fs" />
    <None Include="shaders\basic_lightning_specular.vs" />
    <None Include="shaders\basic_lightning_view.fs" />
    <None Include="shaders\basic_lightning_view.vs" />
    <None Include="shaders\light_cube.fs" />
    <None Include="shaders\light_cube.vs" />
    <None Include="shaders\shader.vs" />
    <None Include="shaders\shader_color.vs" />
    <None Include="shaders\shader_in_color.fs" />
    <None Include="shaders\shader_light.fs" />
    <None Include="shaders\shader_orange.fs" />
    <None Include="shaders\shader_projection.vs" />
    <None Include="shaders\shader_texture.fs" />
    <None Include="shaders\shader_texture.vs" />
    <None Include="shaders\shader_texture_projection.vs" />
    <None Include="shaders\shader_transform.vs" />
    <None Include="shaders\shader_two_textures.fs" />
    <None Include="shaders\shader_uniform_color.fs" />
    <None Include="shaders\shader_uniform_position.vs" />
    <None Include="shaders\shader_white.fs" />
    <None Include="shaders\material.vs" />
    <None Include="shaders\material.fs" />
    <None Include="shaders\lighting_maps_diffuse.fs" />
    <None Include="shaders\lighting_maps_specular.fs" />
    <None Include="shaders\lighting_maps.vs" />
    <None Include="shaders\lighting_maps_specular_inverse.fs" />
    <None Include="shaders\lighting_maps_emission.fs" />
    <None Include="shaders\light_casters.fs" />
    <None Include="shaders\light_casters_point.fs" />
    <None Include="shaders\light_casters_flashlight.fs" />
    <None Include="shaders\light_casters_spot_soft.fs" />
    <None Include="shaders\multiple_lights.fs" />
  </ItemGroup>
  <ItemGroup>
    <Image Include="resources\textures\container.jpg">
      <Filter>Resource Files</Filter>
    </Image>
    <Image Include="resources\textures\awesomeface.png">
      <Filter>Resource Files</Filter>
    </Image>
    <Image Include="resources\textures\container_text.jpg">
      <Filter>Resource Files</Filter>
    </Image>
    <Image Include="resources\textures\container2.png">
      <Filter>Resource Files</Filter>
    </Image>
  </ItemGroup>
</Project>