<?xml version="1.0" encoding="utf-8"?>
<Project ToolsVersion="4.0" xmlns="http://schemas.microsoft.com/developer/msbuild/2003">
  <ItemGroup>
    <Filter Include="Source Files">
      <UniqueIdentifier>{4FC737F1-C7A5-4376-A066-2A32D752A2FF}</UniqueIdentifier>
      <Extensions>cpp;c;cc;cxx;c++;def;odl;idl;hpj;bat;asm;asmx</Extensions>
    </Filter>
    <Filter Include="Header Files">
      <UniqueIdentifier>{93995380-89BD-4b04-88EB-625FBE52EBFB}</UniqueIdentifier>
      <Extensions>h;hh;hpp;hxx;h++;hm;inl;inc;ipp;xsd</Extensions>
    </Filter>
    <Filter Include="Resource Files">
      <UniqueIdentifier>{67DA6AB6-F800-4c08-8B7A-83BB121AAD01}</UniqueIdentifier>
      <Extensions>rc;ico;cur;bmp;dlg;rc2;rct;bin;rgs;gif;jpg;jpeg;jpe;resx;tiff;tif;png;wav;mfcribbon-ms</Extensions>
    </Filter>
  </ItemGroup>
  <ItemGroup>
    <ClCompile Include="glad.c">
      <Filter>Source Files</Filter>
    </ClCompile>
    <ClCompile Include="window.cpp">
      <Filter>Source Files</Filter>
    </ClCompile>
    <ClCompile Include="functions.cpp">
      <Filter>Source Files</Filter>
    </ClCompile>
    <ClCompile Include="triangle.cpp">
      <Filter>Source Files</Filter>
    </ClCompile>
    <ClCompile Include="rectangle.cpp">
      <Filter>Source Files</Filter>
    </ClCompile>
    <ClCompile Include="attr_support.cpp">
      <Filter>Source Files</Filter>
    </ClCompile>
    <ClCompile Include="triangle_vertex_color.cpp">
      <Filter>Source Files</Filter>
    </ClCompile>
    <ClCompile Include="triangle_uniform_color.cpp">
      <Filter>Source Files</Filter>
    </ClCompile>
    <ClCompile Include="triangle_uniform_position.cpp">
      <Filter>Source Files</Filter>
    </ClCompile>
    <ClCompile Include="stb_image.cpp">
      <Filter>Source Files</Filter>
    </ClCompile>
    <ClCompile Include="rectangle_texture.cpp">
      <Filter>Source Files</Filter>
    </ClCompile>
    <ClCompile Include="smiley_texture.cpp">
      <Filter>Source Files</Filter>
    </ClCompile>
    <ClCompile Include="smiley_texture_wrapping.cpp">
      <Filter>Source Files</Filter>
    </ClCompile>
    <ClCompile Include="smiley_texture_filtering.cpp">
      <Filter>Source Files</Filter>
    </ClCompile>
    <ClCompile Include="transformations.cpp">
      <Filter>Source Files</Filter>
    </ClCompile>
    <ClCompile Include="coord_system.cpp">
      <Filter>Source Files</Filter>
    </ClCompile>
  </ItemGroup>
  <ItemGroup>
    <ClInclude Include="stb_image.h">
      <Filter>Header Files</Filter>
    </ClInclude>
    <ClInclude Include="functions.h">
      <Filter>Header Files</Filter>
    </ClInclude>
    <ClInclude Include="shader.h">
      <Filter>Header Files</Filter>
    </ClInclude>
  </ItemGroup>
  <ItemGroup>
    <None Include="shader_color.vs">
      <Filter>Resource Files</Filter>
    </None>
    <None Include="shader.vs">
      <Filter>Resource Files</Filter>
    </None>
    <None Include="shader_in_color.fs">
      <Filter>Resource Files</Filter>
    </None>
    <None Include="shader_uniform_color.fs">
      <Filter>Resource Files</Filter>
    </None>
    <None Include="shader_orange.fs">
      <Filter>Resource Files</Filter>
    </None>
    <None Include="shader_uniform_position.vs">
      <Filter>Resource Files</Filter>
    </None>
    <None Include="shader_texture.vs">
      <Filter>Resource Files</Filter>
    </None>
    <None Include="shader_texture.fs">
      <Filter>Resource Files</Filter>
    </None>
    <None Include="shader_two_textures.fs">
      <Filter>Resource Files</Filter>
    </None>
    <None Include="shader_transform.vs">
      <Filter>Resource Files</Filter>
    </None>
    <None Include="shader_projection.vs">
      <Filter>Resource Files</Filter>
    </None>
  </ItemGroup>
  <ItemGroup>
    <Image Include="resources\textures\container.jpg">
      <Filter>Resource Files</Filter>
    </Image>
    <Image Include="resources\textures\awesomeface.png">
      <Filter>Resource Files</Filter>
    </Image>
    <Image Include="resources\textures\container_text.jpg">
      <Filter>Resource Files</Filter>
    </Image>
  </ItemGroup>
</Project>